// !$*UTF8*$!
{
	archiveVersion = 1;
	classes = {
	};
	objectVersion = 46;
	objects = {

/* Begin PBXBuildFile section */
		B4ABA18A1750843000BD7849 /* UIKit.framework in Frameworks */ = {isa = PBXBuildFile; fileRef = B4ABA1891750843000BD7849 /* UIKit.framework */; };
		B4ABA18C1750843000BD7849 /* Foundation.framework in Frameworks */ = {isa = PBXBuildFile; fileRef = B4ABA18B1750843000BD7849 /* Foundation.framework */; };
		B4ABA18E1750843000BD7849 /* CoreGraphics.framework in Frameworks */ = {isa = PBXBuildFile; fileRef = B4ABA18D1750843000BD7849 /* CoreGraphics.framework */; };
		B4ABA1941750843000BD7849 /* InfoPlist.strings in Resources */ = {isa = PBXBuildFile; fileRef = B4ABA1921750843000BD7849 /* InfoPlist.strings */; };
		B4ABA1961750843000BD7849 /* main.m in Sources */ = {isa = PBXBuildFile; fileRef = B4ABA1951750843000BD7849 /* main.m */; };
		B4ABA19A1750843000BD7849 /* AppDelegate.m in Sources */ = {isa = PBXBuildFile; fileRef = B4ABA1991750843000BD7849 /* AppDelegate.m */; };
		B4ABA19C1750843000BD7849 /* Default.png in Resources */ = {isa = PBXBuildFile; fileRef = B4ABA19B1750843000BD7849 /* Default.png */; };
		B4ABA19E1750843000BD7849 /* Default@2x.png in Resources */ = {isa = PBXBuildFile; fileRef = B4ABA19D1750843000BD7849 /* Default@2x.png */; };
		B4ABA1A01750843000BD7849 /* Default-568h@2x.png in Resources */ = {isa = PBXBuildFile; fileRef = B4ABA19F1750843000BD7849 /* Default-568h@2x.png */; };
		B4ABA1A31750843000BD7849 /* MainStoryboard.storyboard in Resources */ = {isa = PBXBuildFile; fileRef = B4ABA1A11750843000BD7849 /* MainStoryboard.storyboard */; };
		B4ABA1A61750843000BD7849 /* ViewController.m in Sources */ = {isa = PBXBuildFile; fileRef = B4ABA1A51750843000BD7849 /* ViewController.m */; };
		B4ABA1E01750AD0B00BD7849 /* MyPortrait_for_Web.jpg in Resources */ = {isa = PBXBuildFile; fileRef = B4ABA1DF1750AD0B00BD7849 /* MyPortrait_for_Web.jpg */; };
/* End PBXBuildFile section */

/* Begin PBXFileReference section */
		B4ABA1861750843000BD7849 /* Seminar01.app */ = {isa = PBXFileReference; explicitFileType = wrapper.application; includeInIndex = 0; path = Seminar01.app; sourceTree = BUILT_PRODUCTS_DIR; };
		B4ABA1891750843000BD7849 /* UIKit.framework */ = {isa = PBXFileReference; lastKnownFileType = wrapper.framework; name = UIKit.framework; path = System/Library/Frameworks/UIKit.framework; sourceTree = SDKROOT; };
		B4ABA18B1750843000BD7849 /* Foundation.framework */ = {isa = PBXFileReference; lastKnownFileType = wrapper.framework; name = Foundation.framework; path = System/Library/Frameworks/Foundation.framework; sourceTree = SDKROOT; };
		B4ABA18D1750843000BD7849 /* CoreGraphics.framework */ = {isa = PBXFileReference; lastKnownFileType = wrapper.framework; name = CoreGraphics.framework; path = System/Library/Frameworks/CoreGraphics.framework; sourceTree = SDKROOT; };
		B4ABA1911750843000BD7849 /* Seminar01-Info.plist */ = {isa = PBXFileReference; lastKnownFileType = text.plist.xml; path = "Seminar01-Info.plist"; sourceTree = "<group>"; };
		B4ABA1931750843000BD7849 /* en */ = {isa = PBXFileReference; lastKnownFileType = text.plist.strings; name = en; path = en.lproj/InfoPlist.strings; sourceTree = "<group>"; };
		B4ABA1951750843000BD7849 /* main.m */ = {isa = PBXFileReference; lastKnownFileType = sourcecode.c.objc; path = main.m; sourceTree = "<group>"; };
		B4ABA1971750843000BD7849 /* Seminar01-Prefix.pch */ = {isa = PBXFileReference; lastKnownFileType = sourcecode.c.h; path = "Seminar01-Prefix.pch"; sourceTree = "<group>"; };
		B4ABA1981750843000BD7849 /* AppDelegate.h */ = {isa = PBXFileReference; lastKnownFileType = sourcecode.c.h; path = AppDelegate.h; sourceTree = "<group>"; };
		B4ABA1991750843000BD7849 /* AppDelegate.m */ = {isa = PBXFileReference; lastKnownFileType = sourcecode.c.objc; path = AppDelegate.m; sourceTree = "<group>"; };
		B4ABA19B1750843000BD7849 /* Default.png */ = {isa = PBXFileReference; lastKnownFileType = image.png; path = Default.png; sourceTree = "<group>"; };
		B4ABA19D1750843000BD7849 /* Default@2x.png */ = {isa = PBXFileReference; lastKnownFileType = image.png; path = "Default@2x.png"; sourceTree = "<group>"; };
		B4ABA19F1750843000BD7849 /* Default-568h@2x.png */ = {isa = PBXFileReference; lastKnownFileType = image.png; path = "Default-568h@2x.png"; sourceTree = "<group>"; };
		B4ABA1A21750843000BD7849 /* en */ = {isa = PBXFileReference; lastKnownFileType = file.storyboard; name = en; path = en.lproj/MainStoryboard.storyboard; sourceTree = "<group>"; };
		B4ABA1A41750843000BD7849 /* ViewController.h */ = {isa = PBXFileReference; lastKnownFileType = sourcecode.c.h; path = ViewController.h; sourceTree = "<group>"; };
		B4ABA1A51750843000BD7849 /* ViewController.m */ = {isa = PBXFileReference; lastKnownFileType = sourcecode.c.objc; path = ViewController.m; sourceTree = "<group>"; };
		B4ABA1DF1750AD0B00BD7849 /* MyPortrait_for_Web.jpg */ = {isa = PBXFileReference; lastKnownFileType = image.jpeg; path = MyPortrait_for_Web.jpg; sourceTree = "<group>"; };
/* End PBXFileReference section */

/* Begin PBXFrameworksBuildPhase section */
		B4ABA1831750842F00BD7849 /* Frameworks */ = {
			isa = PBXFrameworksBuildPhase;
			buildActionMask = 2147483647;
			files = (
				B4ABA18A1750843000BD7849 /* UIKit.framework in Frameworks */,
				B4ABA18C1750843000BD7849 /* Foundation.framework in Frameworks */,
				B4ABA18E1750843000BD7849 /* CoreGraphics.framework in Frameworks */,
			);
			runOnlyForDeploymentPostprocessing = 0;
		};
/* End PBXFrameworksBuildPhase section */

/* Begin PBXGroup section */
		B4ABA17D1750842F00BD7849 = {
			isa = PBXGroup;
			children = (
				B4ABA18F1750843000BD7849 /* Seminar01 */,
				B4ABA1881750843000BD7849 /* Frameworks */,
				B4ABA1871750843000BD7849 /* Products */,
			);
			sourceTree = "<group>";
		};
		B4ABA1871750843000BD7849 /* Products */ = {
			isa = PBXGroup;
			children = (
				B4ABA1861750843000BD7849 /* Seminar01.app */,
			);
			name = Products;
			sourceTree = "<group>";
		};
		B4ABA1881750843000BD7849 /* Frameworks */ = {
			isa = PBXGroup;
			children = (
				B4ABA1891750843000BD7849 /* UIKit.framework */,
				B4ABA18B1750843000BD7849 /* Foundation.framework */,
				B4ABA18D1750843000BD7849 /* CoreGraphics.framework */,
			);
			name = Frameworks;
			sourceTree = "<group>";
		};
		B4ABA18F1750843000BD7849 /* Seminar01 */ = {
			isa = PBXGroup;
			children = (
				B4ABA1DE1750AD0B00BD7849 /* images */,
				B4ABA1981750843000BD7849 /* AppDelegate.h */,
				B4ABA1991750843000BD7849 /* AppDelegate.m */,
				B4ABA1A11750843000BD7849 /* MainStoryboard.storyboard */,
				B4ABA1A41750843000BD7849 /* ViewController.h */,
				B4ABA1A51750843000BD7849 /* ViewController.m */,
				B4ABA1901750843000BD7849 /* Supporting Files */,
			);
			path = Seminar01;
			sourceTree = "<group>";
		};
		B4ABA1901750843000BD7849 /* Supporting Files */ = {
			isa = PBXGroup;
			children = (
				B4ABA1911750843000BD7849 /* Seminar01-Info.plist */,
				B4ABA1921750843000BD7849 /* InfoPlist.strings */,
				B4ABA1951750843000BD7849 /* main.m */,
				B4ABA1971750843000BD7849 /* Seminar01-Prefix.pch */,
				B4ABA19B1750843000BD7849 /* Default.png */,
				B4ABA19D1750843000BD7849 /* Default@2x.png */,
				B4ABA19F1750843000BD7849 /* Default-568h@2x.png */,
			);
			name = "Supporting Files";
			sourceTree = "<group>";
		};
		B4ABA1DE1750AD0B00BD7849 /* images */ = {
			isa = PBXGroup;
			children = (
				B4ABA1DF1750AD0B00BD7849 /* MyPortrait_for_Web.jpg */,
			);
			path = images;
			sourceTree = "<group>";
		};
/* End PBXGroup section */

/* Begin PBXNativeTarget section */
		B4ABA1851750842F00BD7849 /* Seminar01 */ = {
			isa = PBXNativeTarget;
			buildConfigurationList = B4ABA1A91750843000BD7849 /* Build configuration list for PBXNativeTarget "Seminar01" */;
			buildPhases = (
				B4ABA1821750842F00BD7849 /* Sources */,
				B4ABA1831750842F00BD7849 /* Frameworks */,
				B4ABA1841750842F00BD7849 /* Resources */,
			);
			buildRules = (
			);
			dependencies = (
			);
			name = Seminar01;
			productName = Seminar01;
			productReference = B4ABA1861750843000BD7849 /* Seminar01.app */;
			productType = "com.apple.product-type.application";
		};
/* End PBXNativeTarget section */

/* Begin PBXProject section */
		B4ABA17E1750842F00BD7849 /* Project object */ = {
			isa = PBXProject;
			attributes = {
				LastUpgradeCheck = 0460;
				ORGANIZATIONNAME = nakasen.com;
			};
			buildConfigurationList = B4ABA1811750842F00BD7849 /* Build configuration list for PBXProject "Seminar01" */;
			compatibilityVersion = "Xcode 3.2";
			developmentRegion = English;
			hasScannedForEncodings = 0;
			knownRegions = (
				en,
			);
			mainGroup = B4ABA17D1750842F00BD7849;
			productRefGroup = B4ABA1871750843000BD7849 /* Products */;
			projectDirPath = "";
			projectRoot = "";
			targets = (
				B4ABA1851750842F00BD7849 /* Seminar01 */,
			);
		};
/* End PBXProject section */

/* Begin PBXResourcesBuildPhase section */
		B4ABA1841750842F00BD7849 /* Resources */ = {
			isa = PBXResourcesBuildPhase;
			buildActionMask = 2147483647;
			files = (
				B4ABA1941750843000BD7849 /* InfoPlist.strings in Resources */,
				B4ABA19C1750843000BD7849 /* Default.png in Resources */,
				B4ABA19E1750843000BD7849 /* Default@2x.png in Resources */,
				B4ABA1A01750843000BD7849 /* Default-568h@2x.png in Resources */,
				B4ABA1A31750843000BD7849 /* MainStoryboard.storyboard in Resources */,
				B4ABA1E01750AD0B00BD7849 /* MyPortrait_for_Web.jpg in Resources */,
			);
			runOnlyForDeploymentPostprocessing = 0;
		};
/* End PBXResourcesBuildPhase section */

/* Begin PBXSourcesBuildPhase section */
		B4ABA1821750842F00BD7849 /* Sources */ = {
			isa = PBXSourcesBuildPhase;
			buildActionMask = 2147483647;
			files = (
				B4ABA1961750843000BD7849 /* main.m in Sources */,
				B4ABA19A1750843000BD7849 /* AppDelegate.m in Sources */,
				B4ABA1A61750843000BD7849 /* ViewController.m in Sources */,
			);
			runOnlyForDeploymentPostprocessing = 0;
		};
/* End PBXSourcesBuildPhase section */

/* Begin PBXVariantGroup section */
		B4ABA1921750843000BD7849 /* InfoPlist.strings */ = {
			isa = PBXVariantGroup;
			children = (
				B4ABA1931750843000BD7849 /* en */,
			);
			name = InfoPlist.strings;
			sourceTree = "<group>";
		};
		B4ABA1A11750843000BD7849 /* MainStoryboard.storyboard */ = {
			isa = PBXVariantGroup;
			children = (
				B4ABA1A21750843000BD7849 /* en */,
			);
			name = MainStoryboard.storyboard;
			sourceTree = "<group>";
		};
/* End PBXVariantGroup section */

/* Begin XCBuildConfiguration section */
		B4ABA1A71750843000BD7849 /* Debug */ = {
			isa = XCBuildConfiguration;
			buildSettings = {
				ALWAYS_SEARCH_USER_PATHS = NO;
				CLANG_CXX_LANGUAGE_STANDARD = "gnu++0x";
				CLANG_CXX_LIBRARY = "libc++";
				CLANG_ENABLE_OBJC_ARC = YES;
				CLANG_WARN_CONSTANT_CONVERSION = YES;
				CLANG_WARN_EMPTY_BODY = YES;
				CLANG_WARN_ENUM_CONVERSION = YES;
				CLANG_WARN_INT_CONVERSION = YES;
				CLANG_WARN__DUPLICATE_METHOD_MATCH = YES;
				"CODE_SIGN_IDENTITY[sdk=iphoneos*]" = "iPhone Developer";
				COPY_PHASE_STRIP = NO;
				GCC_C_LANGUAGE_STANDARD = gnu99;
				GCC_DYNAMIC_NO_PIC = NO;
				GCC_OPTIMIZATION_LEVEL = 0;
				GCC_PREPROCESSOR_DEFINITIONS = (
					"DEBUG=1",
					"$(inherited)",
				);
				GCC_SYMBOLS_PRIVATE_EXTERN = NO;
				GCC_WARN_ABOUT_RETURN_TYPE = YES;
				GCC_WARN_UNINITIALIZED_AUTOS = YES;
				GCC_WARN_UNUSED_VARIABLE = YES;
				IPHONEOS_DEPLOYMENT_TARGET = 6.1;
				ONLY_ACTIVE_ARCH = YES;
				SDKROOT = iphoneos;
			};
			name = Debug;
		};
		B4ABA1A81750843000BD7849 /* Release */ = {
			isa = XCBuildConfiguration;
			buildSettings = {
				ALWAYS_SEARCH_USER_PATHS = NO;
				CLANG_CXX_LANGUAGE_STANDARD = "gnu++0x";
				CLANG_CXX_LIBRARY = "libc++";
				CLANG_ENABLE_OBJC_ARC = YES;
				CLANG_WARN_CONSTANT_CONVERSION = YES;
				CLANG_WARN_EMPTY_BODY = YES;
				CLANG_WARN_ENUM_CONVERSION = YES;
				CLANG_WARN_INT_CONVERSION = YES;
				CLANG_WARN__DUPLICATE_METHOD_MATCH = YES;
				"CODE_SIGN_IDENTITY[sdk=iphoneos*]" = "iPhone Developer";
				COPY_PHASE_STRIP = YES;
				GCC_C_LANGUAGE_STANDARD = gnu99;
				GCC_WARN_ABOUT_RETURN_TYPE = YES;
				GCC_WARN_UNINITIALIZED_AUTOS = YES;
				GCC_WARN_UNUSED_VARIABLE = YES;
				IPHONEOS_DEPLOYMENT_TARGET = 6.1;
				OTHER_CFLAGS = "-DNS_BLOCK_ASSERTIONS=1";
				SDKROOT = iphoneos;
				VALIDATE_PRODUCT = YES;
			};
			name = Release;
		};
		B4ABA1AA1750843000BD7849 /* Debug */ = {
			isa = XCBuildConfiguration;
			buildSettings = {
				GCC_PRECOMPILE_PREFIX_HEADER = YES;
				GCC_PREFIX_HEADER = "Seminar01/Seminar01-Prefix.pch";
				INFOPLIST_FILE = "Seminar01/Seminar01-Info.plist";
				PRODUCT_NAME = "$(TARGET_NAME)";
				WRAPPER_EXTENSION = app;
			};
			name = Debug;
		};
		B4ABA1AB1750843000BD7849 /* Release */ = {
			isa = XCBuildConfiguration;
			buildSettings = {
				GCC_PRECOMPILE_PREFIX_HEADER = YES;
				GCC_PREFIX_HEADER = "Seminar01/Seminar01-Prefix.pch";
				INFOPLIST_FILE = "Seminar01/Seminar01-Info.plist";
				PRODUCT_NAME = "$(TARGET_NAME)";
				WRAPPER_EXTENSION = app;
			};
			name = Release;
		};
/* End XCBuildConfiguration section */

/* Begin XCConfigurationList section */
		B4ABA1811750842F00BD7849 /* Build configuration list for PBXProject "Seminar01" */ = {
			isa = XCConfigurationList;
			buildConfigurations = (
				B4ABA1A71750843000BD7849 /* Debug */,
				B4ABA1A81750843000BD7849 /* Release */,
			);
			defaultConfigurationIsVisible = 0;
			defaultConfigurationName = Release;
		};
		B4ABA1A91750843000BD7849 /* Build configuration list for PBXNativeTarget "Seminar01" */ = {
			isa = XCConfigurationList;
			buildConfigurations = (
				B4ABA1AA1750843000BD7849 /* Debug */,
				B4ABA1AB1750843000BD7849 /* Release */,
			);
			defaultConfigurationIsVisible = 0;
		};
/* End XCConfigurationList section */
	};
	rootObject = B4ABA17E1750842F00BD7849 /* Project object */;
}
